// !$*UTF8*$!
{
	archiveVersion = 1;
	classes = {
	};
	objectVersion = 46;
	objects = {

/* Begin PBXBuildFile section */
		3404E10D1DF7619E0036FFDD /* main.c in Sources */ = {isa = PBXBuildFile; fileRef = 3404E10C1DF7619E0036FFDD /* main.c */; };
		3404E1151DF7647C0036FFDD /* SDL2.framework in Frameworks */ = {isa = PBXBuildFile; fileRef = 3404E1141DF7647C0036FFDD /* SDL2.framework */; };
		3404E1171DF770670036FFDD /* Lua.framework in Frameworks */ = {isa = PBXBuildFile; fileRef = 3404E1161DF770670036FFDD /* Lua.framework */; };
/* End PBXBuildFile section */

/* Begin PBXCopyFilesBuildPhase section */
		3404E1071DF7619E0036FFDD /* CopyFiles */ = {
			isa = PBXCopyFilesBuildPhase;
			buildActionMask = 2147483647;
			dstPath = /usr/share/man/man1/;
			dstSubfolderSpec = 0;
			files = (
			);
			runOnlyForDeploymentPostprocessing = 1;
		};
/* End PBXCopyFilesBuildPhase section */

/* Begin PBXFileReference section */
		3404E1091DF7619E0036FFDD /* Pacman */ = {isa = PBXFileReference; explicitFileType = "compiled.mach-o.executable"; includeInIndex = 0; path = Pacman; sourceTree = BUILT_PRODUCTS_DIR; };
		3404E10C1DF7619E0036FFDD /* main.c */ = {isa = PBXFileReference; lastKnownFileType = sourcecode.c.c; path = main.c; sourceTree = "<group>"; };
		3404E1141DF7647C0036FFDD /* SDL2.framework */ = {isa = PBXFileReference; lastKnownFileType = wrapper.framework; name = SDL2.framework; path = ../../../../../../../Library/Frameworks/SDL2.framework; sourceTree = "<group>"; };
		3404E1161DF770670036FFDD /* Lua.framework */ = {isa = PBXFileReference; lastKnownFileType = wrapper.framework; name = Lua.framework; path = ../../../../../../../Library/Frameworks/Lua.framework; sourceTree = "<group>"; };
		3404E1181DF77E040036FFDD /* pacman.lua */ = {isa = PBXFileReference; fileEncoding = 4; lastKnownFileType = text; path = pacman.lua; sourceTree = "<group>"; };
		340F0FB11DF7B6200046A72F /* scene.lua */ = {isa = PBXFileReference; fileEncoding = 4; lastKnownFileType = text; path = scene.lua; sourceTree = "<group>"; };
		340F0FB31DF7BA320046A72F /* cell.lua */ = {isa = PBXFileReference; fileEncoding = 4; lastKnownFileType = text; path = cell.lua; sourceTree = "<group>"; };
		340F0FB41DF7D3590046A72F /* character.lua */ = {isa = PBXFileReference; fileEncoding = 4; lastKnownFileType = text; path = character.lua; sourceTree = "<group>"; };
/* End PBXFileReference section */

/* Begin PBXFrameworksBuildPhase section */
		3404E1061DF7619E0036FFDD /* Frameworks */ = {
			isa = PBXFrameworksBuildPhase;
			buildActionMask = 2147483647;
			files = (
				3404E1171DF770670036FFDD /* Lua.framework in Frameworks */,
				3404E1151DF7647C0036FFDD /* SDL2.framework in Frameworks */,
			);
			runOnlyForDeploymentPostprocessing = 0;
		};
/* End PBXFrameworksBuildPhase section */

/* Begin PBXGroup section */
		3404E1001DF7619E0036FFDD = {
			isa = PBXGroup;
			children = (
				3404E10B1DF7619E0036FFDD /* Pacman */,
				3404E10A1DF7619E0036FFDD /* Products */,
				3404E1131DF7647C0036FFDD /* Frameworks */,
			);
			sourceTree = "<group>";
		};
		3404E10A1DF7619E0036FFDD /* Products */ = {
			isa = PBXGroup;
			children = (
				3404E1091DF7619E0036FFDD /* Pacman */,
			);
			name = Products;
			sourceTree = "<group>";
		};
		3404E10B1DF7619E0036FFDD /* Pacman */ = {
			isa = PBXGroup;
			children = (
				340F0FB41DF7D3590046A72F /* character.lua */,
				340F0FB31DF7BA320046A72F /* cell.lua */,
				340F0FB11DF7B6200046A72F /* scene.lua */,
				3404E1181DF77E040036FFDD /* pacman.lua */,
				3404E10C1DF7619E0036FFDD /* main.c */,
			);
			path = Pacman;
			sourceTree = "<group>";
		};
		3404E1131DF7647C0036FFDD /* Frameworks */ = {
			isa = PBXGroup;
			children = (
				3404E1161DF770670036FFDD /* Lua.framework */,
				3404E1141DF7647C0036FFDD /* SDL2.framework */,
			);
			name = Frameworks;
			sourceTree = "<group>";
		};
/* End PBXGroup section */

/* Begin PBXNativeTarget section */
		3404E1081DF7619E0036FFDD /* Pacman */ = {
			isa = PBXNativeTarget;
			buildConfigurationList = 3404E1101DF7619E0036FFDD /* Build configuration list for PBXNativeTarget "Pacman" */;
			buildPhases = (
				3404E1051DF7619E0036FFDD /* Sources */,
				3404E1061DF7619E0036FFDD /* Frameworks */,
				3404E1071DF7619E0036FFDD /* CopyFiles */,
			);
			buildRules = (
			);
			dependencies = (
			);
			name = Pacman;
			productName = Pacman;
			productReference = 3404E1091DF7619E0036FFDD /* Pacman */;
			productType = "com.apple.product-type.tool";
		};
/* End PBXNativeTarget section */

/* Begin PBXProject section */
		3404E1011DF7619E0036FFDD /* Project object */ = {
			isa = PBXProject;
			attributes = {
				LastUpgradeCheck = 0810;
				ORGANIZATIONNAME = "Pascal Jacquemart";
				TargetAttributes = {
					3404E1081DF7619E0036FFDD = {
						CreatedOnToolsVersion = 8.1;
						ProvisioningStyle = Automatic;
					};
				};
			};
			buildConfigurationList = 3404E1041DF7619E0036FFDD /* Build configuration list for PBXProject "Pacman" */;
			compatibilityVersion = "Xcode 3.2";
			developmentRegion = English;
			hasScannedForEncodings = 0;
			knownRegions = (
				en,
			);
			mainGroup = 3404E1001DF7619E0036FFDD;
			productRefGroup = 3404E10A1DF7619E0036FFDD /* Products */;
			projectDirPath = "";
			projectRoot = "";
			targets = (
				3404E1081DF7619E0036FFDD /* Pacman */,
			);
		};
/* End PBXProject section */

/* Begin PBXSourcesBuildPhase section */
		3404E1051DF7619E0036FFDD /* Sources */ = {
			isa = PBXSourcesBuildPhase;
			buildActionMask = 2147483647;
			files = (
				3404E10D1DF7619E0036FFDD /* main.c in Sources */,
			);
			runOnlyForDeploymentPostprocessing = 0;
		};
/* End PBXSourcesBuildPhase section */

/* Begin XCBuildConfiguration section */
		3404E10E1DF7619E0036FFDD /* Debug */ = {
			isa = XCBuildConfiguration;
			buildSettings = {
				ALWAYS_SEARCH_USER_PATHS = NO;
				CLANG_ANALYZER_NONNULL = YES;
				CLANG_CXX_LANGUAGE_STANDARD = "gnu++0x";
				CLANG_CXX_LIBRARY = "libc++";
				CLANG_ENABLE_MODULES = YES;
				CLANG_ENABLE_OBJC_ARC = YES;
				CLANG_WARN_BOOL_CONVERSION = YES;
				CLANG_WARN_CONSTANT_CONVERSION = YES;
				CLANG_WARN_DIRECT_OBJC_ISA_USAGE = YES_ERROR;
				CLANG_WARN_DOCUMENTATION_COMMENTS = YES;
				CLANG_WARN_EMPTY_BODY = YES;
				CLANG_WARN_ENUM_CONVERSION = YES;
				CLANG_WARN_INFINITE_RECURSION = YES;
				CLANG_WARN_INT_CONVERSION = YES;
				CLANG_WARN_OBJC_ROOT_CLASS = YES_ERROR;
				CLANG_WARN_SUSPICIOUS_MOVES = YES;
				CLANG_WARN_UNREACHABLE_CODE = YES;
				CLANG_WARN__DUPLICATE_METHOD_MATCH = YES;
				CODE_SIGN_IDENTITY = "-";
				COPY_PHASE_STRIP = NO;
				DEBUG_INFORMATION_FORMAT = dwarf;
				ENABLE_STRICT_OBJC_MSGSEND = YES;
				ENABLE_TESTABILITY = YES;
				GCC_C_LANGUAGE_STANDARD = gnu99;
				GCC_DYNAMIC_NO_PIC = NO;
				GCC_NO_COMMON_BLOCKS = YES;
				GCC_OPTIMIZATION_LEVEL = 0;
				GCC_PREPROCESSOR_DEFINITIONS = (
					"DEBUG=1",
					"$(inherited)",
				);
				GCC_WARN_64_TO_32_BIT_CONVERSION = YES;
				GCC_WARN_ABOUT_RETURN_TYPE = YES_ERROR;
				GCC_WARN_UNDECLARED_SELECTOR = YES;
				GCC_WARN_UNINITIALIZED_AUTOS = YES_AGGRESSIVE;
				GCC_WARN_UNUSED_FUNCTION = YES;
				GCC_WARN_UNUSED_VARIABLE = YES;
				MACOSX_DEPLOYMENT_TARGET = 10.12;
				MTL_ENABLE_DEBUG_INFO = YES;
				ONLY_ACTIVE_ARCH = YES;
				SDKROOT = macosx;
			};
			name = Debug;
		};
		3404E10F1DF7619E0036FFDD /* Release */ = {
			isa = XCBuildConfiguration;
			buildSettings = {
				ALWAYS_SEARCH_USER_PATHS = NO;
				CLANG_ANALYZER_NONNULL = YES;
				CLANG_CXX_LANGUAGE_STANDARD = "gnu++0x";
				CLANG_CXX_LIBRARY = "libc++";
				CLANG_ENABLE_MODULES = YES;
				CLANG_ENABLE_OBJC_ARC = YES;
				CLANG_WARN_BOOL_CONVERSION = YES;
				CLANG_WARN_CONSTANT_CONVERSION = YES;
				CLANG_WARN_DIRECT_OBJC_ISA_USAGE = YES_ERROR;
				CLANG_WARN_DOCUMENTATION_COMMENTS = YES;
				CLANG_WARN_EMPTY_BODY = YES;
				CLANG_WARN_ENUM_CONVERSION = YES;
				CLANG_WARN_INFINITE_RECURSION = YES;
				CLANG_WARN_INT_CONVERSION = YES;
				CLANG_WARN_OBJC_ROOT_CLASS = YES_ERROR;
				CLANG_WARN_SUSPICIOUS_MOVES = YES;
				CLANG_WARN_UNREACHABLE_CODE = YES;
				CLANG_WARN__DUPLICATE_METHOD_MATCH = YES;
				CODE_SIGN_IDENTITY = "-";
				COPY_PHASE_STRIP = NO;
				DEBUG_INFORMATION_FORMAT = "dwarf-with-dsym";
				ENABLE_NS_ASSERTIONS = NO;
				ENABLE_STRICT_OBJC_MSGSEND = YES;
				GCC_C_LANGUAGE_STANDARD = gnu99;
				GCC_NO_COMMON_BLOCKS = YES;
				GCC_WARN_64_TO_32_BIT_CONVERSION = YES;
				GCC_WARN_ABOUT_RETURN_TYPE = YES_ERROR;
				GCC_WARN_UNDECLARED_SELECTOR = YES;
				GCC_WARN_UNINITIALIZED_AUTOS = YES_AGGRESSIVE;
				GCC_WARN_UNUSED_FUNCTION = YES;
				GCC_WARN_UNUSED_VARIABLE = YES;
				MACOSX_DEPLOYMENT_TARGET = 10.12;
				MTL_ENABLE_DEBUG_INFO = NO;
				SDKROOT = macosx;
			};
			name = Release;
		};
		3404E1111DF7619E0036FFDD /* Debug */ = {
			isa = XCBuildConfiguration;
			buildSettings = {
				FRAMEWORK_SEARCH_PATHS = (
					"$(inherited)",
					"$(LOCAL_LIBRARY_DIR)/Frameworks",
				);
				PRODUCT_NAME = "$(TARGET_NAME)";
			};
			name = Debug;
		};
		3404E1121DF7619E0036FFDD /* Release */ = {
			isa = XCBuildConfiguration;
			buildSettings = {
				FRAMEWORK_SEARCH_PATHS = (
					"$(inherited)",
					"$(LOCAL_LIBRARY_DIR)/Frameworks",
				);
				PRODUCT_NAME = "$(TARGET_NAME)";
			};
			name = Release;
		};
/* End XCBuildConfiguration section */

/* Begin XCConfigurationList section */
		3404E1041DF7619E0036FFDD /* Build configuration list for PBXProject "Pacman" */ = {
			isa = XCConfigurationList;
			buildConfigurations = (
				3404E10E1DF7619E0036FFDD /* Debug */,
				3404E10F1DF7619E0036FFDD /* Release */,
			);
			defaultConfigurationIsVisible = 0;
			defaultConfigurationName = Release;
		};
		3404E1101DF7619E0036FFDD /* Build configuration list for PBXNativeTarget "Pacman" */ = {
			isa = XCConfigurationList;
			buildConfigurations = (
				3404E1111DF7619E0036FFDD /* Debug */,
				3404E1121DF7619E0036FFDD /* Release */,
			);
			defaultConfigurationIsVisible = 0;
			defaultConfigurationName = Release;
		};
/* End XCConfigurationList section */
	};
	rootObject = 3404E1011DF7619E0036FFDD /* Project object */;
}
